
Microsoft Visual Studio Solution File, Format Version 12.00
# Visual Studio Version 16
VisualStudioVersion = 16.0.31129.286
MinimumVisualStudioVersion = 10.0.40219.1
Project("{FAE04EC0-301F-11D3-BF4B-00C04F79EFBC}") = "A891932.Actividad03", "A891932.Actividad03\A891932.Actividad03.csproj", "{7E9C190B-3E74-44BD-A6C6-76634A8F5697}"
EndProject
Global
	GlobalSection(SolutionConfigurationPlatforms) = preSolution
		Debug|Any CPU = Debug|Any CPU
		Release|Any CPU = Release|Any CPU
	EndGlobalSection
	GlobalSection(ProjectConfigurationPlatforms) = postSolution
		{7E9C190B-3E74-44BD-A6C6-76634A8F5697}.Debug|Any CPU.ActiveCfg = Debug|Any CPU
		{7E9C190B-3E74-44BD-A6C6-76634A8F5697}.Debug|Any CPU.Build.0 = Debug|Any CPU
		{7E9C190B-3E74-44BD-A6C6-76634A8F5697}.Release|Any CPU.ActiveCfg = Release|Any CPU
		{7E9C190B-3E74-44BD-A6C6-76634A8F5697}.Release|Any CPU.Build.0 = Release|Any CPU
	EndGlobalSection
	GlobalSection(SolutionProperties) = preSolution
		HideSolutionNode = FALSE
	EndGlobalSection
	GlobalSection(ExtensibilityGlobals) = postSolution
		SolutionGuid = {8F402772-0DAF-49CA-8135-F5EBE2B2339E}
	EndGlobalSection
EndGlobal
